
Microsoft Visual Studio Solution File, Format Version 12.00
# Visual Studio Version 17
VisualStudioVersion = 17.6.33712.159
MinimumVisualStudioVersion = 10.0.40219.1
Project("{FAE04EC0-301F-11D3-BF4B-00C04F79EFBC}") = "BT_TONGHOP_SokKimThanh", "BT_TONGHOP_SokKimThanh.csproj", "{2AC3CEE0-3C2D-495C-9219-57793F2A75C6}"
EndProject
Global
	GlobalSection(SolutionConfigurationPlatforms) = preSolution
		Debug|Any CPU = Debug|Any CPU
		Release|Any CPU = Release|Any CPU
	EndGlobalSection
	GlobalSection(ProjectConfigurationPlatforms) = postSolution
		{2AC3CEE0-3C2D-495C-9219-57793F2A75C6}.Debug|Any CPU.ActiveCfg = Debug|Any CPU
		{2AC3CEE0-3C2D-495C-9219-57793F2A75C6}.Debug|Any CPU.Build.0 = Debug|Any CPU
		{2AC3CEE0-3C2D-495C-9219-57793F2A75C6}.Release|Any CPU.ActiveCfg = Release|Any CPU
		{2AC3CEE0-3C2D-495C-9219-57793F2A75C6}.Release|Any CPU.Build.0 = Release|Any CPU
	EndGlobalSection
	GlobalSection(SolutionProperties) = preSolution
		HideSolutionNode = FALSE
	EndGlobalSection
	GlobalSection(ExtensibilityGlobals) = postSolution
		SolutionGuid = {2D5971E3-8050-4251-BE97-96692FD81B77}
	EndGlobalSection
EndGlobal
